{
  "requires": true,
  "lockfileVersion": 1,
  "dependencies": {
    "@primer/octicons-react": {
      "version": "11.2.0",
      "resolved": "https://registry.npmjs.org/@primer/octicons-react/-/octicons-react-11.2.0.tgz",
      "integrity": "sha512-pi3DT5fUtATw2atMRQ7xCUUbdauA/hYTKfM2ijf3rtipeyQ7Ou3ij/JLhnc9Ke110ljHJh69j/PiINbbKAYegQ=="
    }
  }
}
